
Microsoft Visual Studio Solution File, Format Version 12.00
# Visual Studio Version 17
VisualStudioVersion = 17.3.32825.248
MinimumVisualStudioVersion = 10.0.40219.1
Project("{2150E333-8FDC-42A3-9474-1A3956D46DE8}") = "Easy", "Easy", "{05ED0D59-68D4-49CF-96FE-2E2792954DE1}"
EndProject
Project("{FAE04EC0-301F-11D3-BF4B-00C04F79EFBC}") = "1_Two_Number_Sum", "Easy\1_Two_Number_Sum\1_Two_Number_Sum.csproj", "{1500DDAF-A498-4820-82FE-65308CE5953D}"
EndProject
Global
	GlobalSection(SolutionConfigurationPlatforms) = preSolution
		Debug|Any CPU = Debug|Any CPU
		Release|Any CPU = Release|Any CPU
	EndGlobalSection
	GlobalSection(ProjectConfigurationPlatforms) = postSolution
		{1500DDAF-A498-4820-82FE-65308CE5953D}.Debug|Any CPU.ActiveCfg = Debug|Any CPU
		{1500DDAF-A498-4820-82FE-65308CE5953D}.Debug|Any CPU.Build.0 = Debug|Any CPU
		{1500DDAF-A498-4820-82FE-65308CE5953D}.Release|Any CPU.ActiveCfg = Release|Any CPU
		{1500DDAF-A498-4820-82FE-65308CE5953D}.Release|Any CPU.Build.0 = Release|Any CPU
	EndGlobalSection
	GlobalSection(SolutionProperties) = preSolution
		HideSolutionNode = FALSE
	EndGlobalSection
	GlobalSection(NestedProjects) = preSolution
		{1500DDAF-A498-4820-82FE-65308CE5953D} = {05ED0D59-68D4-49CF-96FE-2E2792954DE1}
	EndGlobalSection
	GlobalSection(ExtensibilityGlobals) = postSolution
		SolutionGuid = {A4A9BCCC-1766-44C5-AF2C-CD97B2B87912}
	EndGlobalSection
EndGlobal
