
Microsoft Visual Studio Solution File, Format Version 12.00
# Visual Studio Version 16
VisualStudioVersion = 16.0.30907.101
MinimumVisualStudioVersion = 10.0.40219.1
Project("{9A19103F-16F7-4668-BE54-9A1E7A4F7556}") = "_1000_HelloWorld!", "_1000_HelloWorld!\_1000_HelloWorld!.csproj", "{51FB05CD-2369-4321-A709-B5D787C59026}"
EndProject
Project("{9A19103F-16F7-4668-BE54-9A1E7A4F7556}") = "_1001_ExtremelyBasic", "_1001_ExtremelyBasic\_1001_ExtremelyBasic.csproj", "{76B024C8-6ADC-4624-BD0A-22E7E2829B5C}"
EndProject
Project("{9A19103F-16F7-4668-BE54-9A1E7A4F7556}") = "_1002_Area_of_a_Circle", "_1002_Area_of_a_Circle\_1002_Area_of_a_Circle.csproj", "{369EA04E-9215-42D2-9112-AC3133452D7B}"
EndProject
Project("{2150E333-8FDC-42A3-9474-1A3956D46DE8}") = "Solution Items", "Solution Items", "{C2908646-1D8E-496D-B567-5E9D1CF9AA7E}"
	ProjectSection(SolutionItems) = preProject
		LearningOutcomes.txt = LearningOutcomes.txt
	EndProjectSection
EndProject
Project("{9A19103F-16F7-4668-BE54-9A1E7A4F7556}") = "_1003_Simple_Sum", "_1003_Simple_Sum\_1003_Simple_Sum.csproj", "{EE8D33C5-27FF-46FE-B942-B6B1F42813AD}"
EndProject
Project("{9A19103F-16F7-4668-BE54-9A1E7A4F7556}") = "_1004_Simple Product", "_1004_Simple Product\_1004_Simple Product.csproj", "{AF60DADB-F4EE-4F1A-AC48-A413FF9E0BA1}"
EndProject
Project("{9A19103F-16F7-4668-BE54-9A1E7A4F7556}") = "_1005_Average_1", "_1005_Average_1\_1005_Average_1.csproj", "{553426BB-F7B7-466C-934C-69EFC4E51266}"
EndProject
Project("{9A19103F-16F7-4668-BE54-9A1E7A4F7556}") = "_1006_Average_2", "_1006_Average_2\_1006_Average_2.csproj", "{B574190D-7548-4BFC-ACD3-068E2063AB34}"
EndProject
Project("{9A19103F-16F7-4668-BE54-9A1E7A4F7556}") = "_1007_Difference", "_1007_Difference\_1007_Difference.csproj", "{6C00E326-8425-44E6-9D60-CAFD6348B189}"
EndProject
Project("{9A19103F-16F7-4668-BE54-9A1E7A4F7556}") = "_1008_Salary", "_1008_Salary\_1008_Salary.csproj", "{5077F6A7-C6AF-48A3-8695-8B4E08B8F001}"
EndProject
Project("{9A19103F-16F7-4668-BE54-9A1E7A4F7556}") = "_1009_Salary with Bonus", "_1009_Salary with Bonus\_1009_Salary with Bonus.csproj", "{CC289F2D-8C5D-4A3D-95DF-EC4F277182DA}"
EndProject
Project("{9A19103F-16F7-4668-BE54-9A1E7A4F7556}") = "1010 Simple Calculate", "1010 Simple Calculate\1010 Simple Calculate.csproj", "{586AF6E8-FCAF-48C6-AF50-41DE085C269B}"
EndProject
Project("{9A19103F-16F7-4668-BE54-9A1E7A4F7556}") = "1011 Sphere", "1011 Sphere\1011 Sphere.csproj", "{76A3747D-3FF8-45F8-99A5-0C81CFFFC098}"
EndProject
Project("{9A19103F-16F7-4668-BE54-9A1E7A4F7556}") = "1012 Area", "1012 Area\1012 Area.csproj", "{58156EA3-344E-4993-B9C9-72C0413A8605}"
EndProject
Project("{9A19103F-16F7-4668-BE54-9A1E7A4F7556}") = "1013 The Greatest", "1013 The Greatest\1013 The Greatest.csproj", "{ADFB69D8-6E44-4675-952F-D04F4A1F9679}"
EndProject
Project("{9A19103F-16F7-4668-BE54-9A1E7A4F7556}") = "1014 Consumption", "1014 Consumption\1014 Consumption.csproj", "{1E530732-E08D-4963-A287-092813F438DF}"
EndProject
Project("{9A19103F-16F7-4668-BE54-9A1E7A4F7556}") = "1015 Distance Between Two Points", "1015 Distance Between Two Points\1015 Distance Between Two Points.csproj", "{F1EE1403-AD4D-4836-9CE3-125F1F731DB1}"
EndProject
Project("{9A19103F-16F7-4668-BE54-9A1E7A4F7556}") = "1016 Distance", "1016 Distance\1016 Distance.csproj", "{F84346C5-E53E-4429-BC57-4263FA7F8578}"
EndProject
Project("{9A19103F-16F7-4668-BE54-9A1E7A4F7556}") = "1017 Fuel Spent", "1017 Fuel Spent\1017 Fuel Spent.csproj", "{6D331F9D-E6EF-491A-AEF1-36E413787BBD}"
EndProject
Project("{9A19103F-16F7-4668-BE54-9A1E7A4F7556}") = "1018 Banknotes", "1018 Banknotes\1018 Banknotes.csproj", "{1B705AA4-0046-4E3B-BBF2-63F6183AB098}"
EndProject
Project("{9A19103F-16F7-4668-BE54-9A1E7A4F7556}") = "1019 Time Conversion", "1019 Time Conversion\1019 Time Conversion.csproj", "{91CF9352-4012-41ED-8004-1F556B6A2E14}"
EndProject
Project("{9A19103F-16F7-4668-BE54-9A1E7A4F7556}") = "1020 Age in Days", "1020 Age in Days\1020 Age in Days.csproj", "{50835719-C474-4006-B496-44A37AB395C2}"
EndProject
Project("{9A19103F-16F7-4668-BE54-9A1E7A4F7556}") = "1021 Banknotes and Coins", "1021 Banknotes and Coins\1021 Banknotes and Coins.csproj", "{FA09BFBC-DE8C-4CAB-8F1B-06F8D1EFCE01}"
EndProject
Project("{9A19103F-16F7-4668-BE54-9A1E7A4F7556}") = "1035 Selection Test 1", "1035 Selection Test 1\1035 Selection Test 1.csproj", "{7A9B8297-EA3D-419C-8C07-FF569C9165FE}"
EndProject
Project("{9A19103F-16F7-4668-BE54-9A1E7A4F7556}") = "1036 Bhaskara's Formula", "1036 Bhaskara's Formula\1036 Bhaskara's Formula.csproj", "{5D544C95-7CB3-4018-9A3A-7B462C47C8F0}"
EndProject
Project("{9A19103F-16F7-4668-BE54-9A1E7A4F7556}") = "1037 Interval", "1037 Interval\1037 Interval.csproj", "{99EBE5D1-EE15-459B-9238-C37C4AE9721A}"
EndProject
Project("{9A19103F-16F7-4668-BE54-9A1E7A4F7556}") = "1038 Snack", "1038 Snack\1038 Snack.csproj", "{8EB3785B-69C2-4403-BDAB-3B2FF577297E}"
EndProject
Project("{9A19103F-16F7-4668-BE54-9A1E7A4F7556}") = "1040 Average 3", "1040 Average 3\1040 Average 3.csproj", "{6D295FC4-6A74-44AC-BA64-4D6802DDB811}"
EndProject
Project("{FAE04EC0-301F-11D3-BF4B-00C04F79EFBC}") = "1041 Coordinates of a Point", "1041 Coordinates of a Point\1041 Coordinates of a Point.csproj", "{026507D1-37EE-4A54-A255-34B1852FC52E}"
EndProject
Global
	GlobalSection(SolutionConfigurationPlatforms) = preSolution
		Debug|Any CPU = Debug|Any CPU
		Release|Any CPU = Release|Any CPU
	EndGlobalSection
	GlobalSection(ProjectConfigurationPlatforms) = postSolution
		{51FB05CD-2369-4321-A709-B5D787C59026}.Debug|Any CPU.ActiveCfg = Debug|Any CPU
		{51FB05CD-2369-4321-A709-B5D787C59026}.Debug|Any CPU.Build.0 = Debug|Any CPU
		{51FB05CD-2369-4321-A709-B5D787C59026}.Release|Any CPU.ActiveCfg = Release|Any CPU
		{51FB05CD-2369-4321-A709-B5D787C59026}.Release|Any CPU.Build.0 = Release|Any CPU
		{76B024C8-6ADC-4624-BD0A-22E7E2829B5C}.Debug|Any CPU.ActiveCfg = Debug|Any CPU
		{76B024C8-6ADC-4624-BD0A-22E7E2829B5C}.Debug|Any CPU.Build.0 = Debug|Any CPU
		{76B024C8-6ADC-4624-BD0A-22E7E2829B5C}.Release|Any CPU.ActiveCfg = Release|Any CPU
		{76B024C8-6ADC-4624-BD0A-22E7E2829B5C}.Release|Any CPU.Build.0 = Release|Any CPU
		{369EA04E-9215-42D2-9112-AC3133452D7B}.Debug|Any CPU.ActiveCfg = Debug|Any CPU
		{369EA04E-9215-42D2-9112-AC3133452D7B}.Debug|Any CPU.Build.0 = Debug|Any CPU
		{369EA04E-9215-42D2-9112-AC3133452D7B}.Release|Any CPU.ActiveCfg = Release|Any CPU
		{369EA04E-9215-42D2-9112-AC3133452D7B}.Release|Any CPU.Build.0 = Release|Any CPU
		{EE8D33C5-27FF-46FE-B942-B6B1F42813AD}.Debug|Any CPU.ActiveCfg = Debug|Any CPU
		{EE8D33C5-27FF-46FE-B942-B6B1F42813AD}.Debug|Any CPU.Build.0 = Debug|Any CPU
		{EE8D33C5-27FF-46FE-B942-B6B1F42813AD}.Release|Any CPU.ActiveCfg = Release|Any CPU
		{EE8D33C5-27FF-46FE-B942-B6B1F42813AD}.Release|Any CPU.Build.0 = Release|Any CPU
		{AF60DADB-F4EE-4F1A-AC48-A413FF9E0BA1}.Debug|Any CPU.ActiveCfg = Debug|Any CPU
		{AF60DADB-F4EE-4F1A-AC48-A413FF9E0BA1}.Debug|Any CPU.Build.0 = Debug|Any CPU
		{AF60DADB-F4EE-4F1A-AC48-A413FF9E0BA1}.Release|Any CPU.ActiveCfg = Release|Any CPU
		{AF60DADB-F4EE-4F1A-AC48-A413FF9E0BA1}.Release|Any CPU.Build.0 = Release|Any CPU
		{553426BB-F7B7-466C-934C-69EFC4E51266}.Debug|Any CPU.ActiveCfg = Debug|Any CPU
		{553426BB-F7B7-466C-934C-69EFC4E51266}.Debug|Any CPU.Build.0 = Debug|Any CPU
		{553426BB-F7B7-466C-934C-69EFC4E51266}.Release|Any CPU.ActiveCfg = Release|Any CPU
		{553426BB-F7B7-466C-934C-69EFC4E51266}.Release|Any CPU.Build.0 = Release|Any CPU
		{B574190D-7548-4BFC-ACD3-068E2063AB34}.Debug|Any CPU.ActiveCfg = Debug|Any CPU
		{B574190D-7548-4BFC-ACD3-068E2063AB34}.Debug|Any CPU.Build.0 = Debug|Any CPU
		{B574190D-7548-4BFC-ACD3-068E2063AB34}.Release|Any CPU.ActiveCfg = Release|Any CPU
		{B574190D-7548-4BFC-ACD3-068E2063AB34}.Release|Any CPU.Build.0 = Release|Any CPU
		{6C00E326-8425-44E6-9D60-CAFD6348B189}.Debug|Any CPU.ActiveCfg = Debug|Any CPU
		{6C00E326-8425-44E6-9D60-CAFD6348B189}.Debug|Any CPU.Build.0 = Debug|Any CPU
		{6C00E326-8425-44E6-9D60-CAFD6348B189}.Release|Any CPU.ActiveCfg = Release|Any CPU
		{6C00E326-8425-44E6-9D60-CAFD6348B189}.Release|Any CPU.Build.0 = Release|Any CPU
		{5077F6A7-C6AF-48A3-8695-8B4E08B8F001}.Debug|Any CPU.ActiveCfg = Debug|Any CPU
		{5077F6A7-C6AF-48A3-8695-8B4E08B8F001}.Debug|Any CPU.Build.0 = Debug|Any CPU
		{5077F6A7-C6AF-48A3-8695-8B4E08B8F001}.Release|Any CPU.ActiveCfg = Release|Any CPU
		{5077F6A7-C6AF-48A3-8695-8B4E08B8F001}.Release|Any CPU.Build.0 = Release|Any CPU
		{CC289F2D-8C5D-4A3D-95DF-EC4F277182DA}.Debug|Any CPU.ActiveCfg = Debug|Any CPU
		{CC289F2D-8C5D-4A3D-95DF-EC4F277182DA}.Debug|Any CPU.Build.0 = Debug|Any CPU
		{CC289F2D-8C5D-4A3D-95DF-EC4F277182DA}.Release|Any CPU.ActiveCfg = Release|Any CPU
		{CC289F2D-8C5D-4A3D-95DF-EC4F277182DA}.Release|Any CPU.Build.0 = Release|Any CPU
		{586AF6E8-FCAF-48C6-AF50-41DE085C269B}.Debug|Any CPU.ActiveCfg = Debug|Any CPU
		{586AF6E8-FCAF-48C6-AF50-41DE085C269B}.Debug|Any CPU.Build.0 = Debug|Any CPU
		{586AF6E8-FCAF-48C6-AF50-41DE085C269B}.Release|Any CPU.ActiveCfg = Release|Any CPU
		{586AF6E8-FCAF-48C6-AF50-41DE085C269B}.Release|Any CPU.Build.0 = Release|Any CPU
		{76A3747D-3FF8-45F8-99A5-0C81CFFFC098}.Debug|Any CPU.ActiveCfg = Debug|Any CPU
		{76A3747D-3FF8-45F8-99A5-0C81CFFFC098}.Debug|Any CPU.Build.0 = Debug|Any CPU
		{76A3747D-3FF8-45F8-99A5-0C81CFFFC098}.Release|Any CPU.ActiveCfg = Release|Any CPU
		{76A3747D-3FF8-45F8-99A5-0C81CFFFC098}.Release|Any CPU.Build.0 = Release|Any CPU
		{58156EA3-344E-4993-B9C9-72C0413A8605}.Debug|Any CPU.ActiveCfg = Debug|Any CPU
		{58156EA3-344E-4993-B9C9-72C0413A8605}.Debug|Any CPU.Build.0 = Debug|Any CPU
		{58156EA3-344E-4993-B9C9-72C0413A8605}.Release|Any CPU.ActiveCfg = Release|Any CPU
		{58156EA3-344E-4993-B9C9-72C0413A8605}.Release|Any CPU.Build.0 = Release|Any CPU
		{ADFB69D8-6E44-4675-952F-D04F4A1F9679}.Debug|Any CPU.ActiveCfg = Debug|Any CPU
		{ADFB69D8-6E44-4675-952F-D04F4A1F9679}.Debug|Any CPU.Build.0 = Debug|Any CPU
		{ADFB69D8-6E44-4675-952F-D04F4A1F9679}.Release|Any CPU.ActiveCfg = Release|Any CPU
		{ADFB69D8-6E44-4675-952F-D04F4A1F9679}.Release|Any CPU.Build.0 = Release|Any CPU
		{1E530732-E08D-4963-A287-092813F438DF}.Debug|Any CPU.ActiveCfg = Debug|Any CPU
		{1E530732-E08D-4963-A287-092813F438DF}.Debug|Any CPU.Build.0 = Debug|Any CPU
		{1E530732-E08D-4963-A287-092813F438DF}.Release|Any CPU.ActiveCfg = Release|Any CPU
		{1E530732-E08D-4963-A287-092813F438DF}.Release|Any CPU.Build.0 = Release|Any CPU
		{F1EE1403-AD4D-4836-9CE3-125F1F731DB1}.Debug|Any CPU.ActiveCfg = Debug|Any CPU
		{F1EE1403-AD4D-4836-9CE3-125F1F731DB1}.Debug|Any CPU.Build.0 = Debug|Any CPU
		{F1EE1403-AD4D-4836-9CE3-125F1F731DB1}.Release|Any CPU.ActiveCfg = Release|Any CPU
		{F1EE1403-AD4D-4836-9CE3-125F1F731DB1}.Release|Any CPU.Build.0 = Release|Any CPU
		{F84346C5-E53E-4429-BC57-4263FA7F8578}.Debug|Any CPU.ActiveCfg = Debug|Any CPU
		{F84346C5-E53E-4429-BC57-4263FA7F8578}.Debug|Any CPU.Build.0 = Debug|Any CPU
		{F84346C5-E53E-4429-BC57-4263FA7F8578}.Release|Any CPU.ActiveCfg = Release|Any CPU
		{F84346C5-E53E-4429-BC57-4263FA7F8578}.Release|Any CPU.Build.0 = Release|Any CPU
		{6D331F9D-E6EF-491A-AEF1-36E413787BBD}.Debug|Any CPU.ActiveCfg = Debug|Any CPU
		{6D331F9D-E6EF-491A-AEF1-36E413787BBD}.Debug|Any CPU.Build.0 = Debug|Any CPU
		{6D331F9D-E6EF-491A-AEF1-36E413787BBD}.Release|Any CPU.ActiveCfg = Release|Any CPU
		{6D331F9D-E6EF-491A-AEF1-36E413787BBD}.Release|Any CPU.Build.0 = Release|Any CPU
		{1B705AA4-0046-4E3B-BBF2-63F6183AB098}.Debug|Any CPU.ActiveCfg = Debug|Any CPU
		{1B705AA4-0046-4E3B-BBF2-63F6183AB098}.Debug|Any CPU.Build.0 = Debug|Any CPU
		{1B705AA4-0046-4E3B-BBF2-63F6183AB098}.Release|Any CPU.ActiveCfg = Release|Any CPU
		{1B705AA4-0046-4E3B-BBF2-63F6183AB098}.Release|Any CPU.Build.0 = Release|Any CPU
		{91CF9352-4012-41ED-8004-1F556B6A2E14}.Debug|Any CPU.ActiveCfg = Debug|Any CPU
		{91CF9352-4012-41ED-8004-1F556B6A2E14}.Debug|Any CPU.Build.0 = Debug|Any CPU
		{91CF9352-4012-41ED-8004-1F556B6A2E14}.Release|Any CPU.ActiveCfg = Release|Any CPU
		{91CF9352-4012-41ED-8004-1F556B6A2E14}.Release|Any CPU.Build.0 = Release|Any CPU
		{50835719-C474-4006-B496-44A37AB395C2}.Debug|Any CPU.ActiveCfg = Debug|Any CPU
		{50835719-C474-4006-B496-44A37AB395C2}.Debug|Any CPU.Build.0 = Debug|Any CPU
		{50835719-C474-4006-B496-44A37AB395C2}.Release|Any CPU.ActiveCfg = Release|Any CPU
		{50835719-C474-4006-B496-44A37AB395C2}.Release|Any CPU.Build.0 = Release|Any CPU
		{FA09BFBC-DE8C-4CAB-8F1B-06F8D1EFCE01}.Debug|Any CPU.ActiveCfg = Debug|Any CPU
		{FA09BFBC-DE8C-4CAB-8F1B-06F8D1EFCE01}.Debug|Any CPU.Build.0 = Debug|Any CPU
		{FA09BFBC-DE8C-4CAB-8F1B-06F8D1EFCE01}.Release|Any CPU.ActiveCfg = Release|Any CPU
		{FA09BFBC-DE8C-4CAB-8F1B-06F8D1EFCE01}.Release|Any CPU.Build.0 = Release|Any CPU
		{7A9B8297-EA3D-419C-8C07-FF569C9165FE}.Debug|Any CPU.ActiveCfg = Debug|Any CPU
		{7A9B8297-EA3D-419C-8C07-FF569C9165FE}.Debug|Any CPU.Build.0 = Debug|Any CPU
		{7A9B8297-EA3D-419C-8C07-FF569C9165FE}.Release|Any CPU.ActiveCfg = Release|Any CPU
		{7A9B8297-EA3D-419C-8C07-FF569C9165FE}.Release|Any CPU.Build.0 = Release|Any CPU
		{5D544C95-7CB3-4018-9A3A-7B462C47C8F0}.Debug|Any CPU.ActiveCfg = Debug|Any CPU
		{5D544C95-7CB3-4018-9A3A-7B462C47C8F0}.Debug|Any CPU.Build.0 = Debug|Any CPU
		{5D544C95-7CB3-4018-9A3A-7B462C47C8F0}.Release|Any CPU.ActiveCfg = Release|Any CPU
		{5D544C95-7CB3-4018-9A3A-7B462C47C8F0}.Release|Any CPU.Build.0 = Release|Any CPU
		{99EBE5D1-EE15-459B-9238-C37C4AE9721A}.Debug|Any CPU.ActiveCfg = Debug|Any CPU
		{99EBE5D1-EE15-459B-9238-C37C4AE9721A}.Debug|Any CPU.Build.0 = Debug|Any CPU
		{99EBE5D1-EE15-459B-9238-C37C4AE9721A}.Release|Any CPU.ActiveCfg = Release|Any CPU
		{99EBE5D1-EE15-459B-9238-C37C4AE9721A}.Release|Any CPU.Build.0 = Release|Any CPU
		{8EB3785B-69C2-4403-BDAB-3B2FF577297E}.Debug|Any CPU.ActiveCfg = Debug|Any CPU
		{8EB3785B-69C2-4403-BDAB-3B2FF577297E}.Debug|Any CPU.Build.0 = Debug|Any CPU
		{8EB3785B-69C2-4403-BDAB-3B2FF577297E}.Release|Any CPU.ActiveCfg = Release|Any CPU
		{8EB3785B-69C2-4403-BDAB-3B2FF577297E}.Release|Any CPU.Build.0 = Release|Any CPU
		{6D295FC4-6A74-44AC-BA64-4D6802DDB811}.Debug|Any CPU.ActiveCfg = Debug|Any CPU
		{6D295FC4-6A74-44AC-BA64-4D6802DDB811}.Debug|Any CPU.Build.0 = Debug|Any CPU
		{6D295FC4-6A74-44AC-BA64-4D6802DDB811}.Release|Any CPU.ActiveCfg = Release|Any CPU
		{6D295FC4-6A74-44AC-BA64-4D6802DDB811}.Release|Any CPU.Build.0 = Release|Any CPU
		{026507D1-37EE-4A54-A255-34B1852FC52E}.Debug|Any CPU.ActiveCfg = Debug|Any CPU
		{026507D1-37EE-4A54-A255-34B1852FC52E}.Debug|Any CPU.Build.0 = Debug|Any CPU
		{026507D1-37EE-4A54-A255-34B1852FC52E}.Release|Any CPU.ActiveCfg = Release|Any CPU
		{026507D1-37EE-4A54-A255-34B1852FC52E}.Release|Any CPU.Build.0 = Release|Any CPU
	EndGlobalSection
	GlobalSection(SolutionProperties) = preSolution
		HideSolutionNode = FALSE
	EndGlobalSection
	GlobalSection(ExtensibilityGlobals) = postSolution
		SolutionGuid = {6E6A7525-1772-40A7-80B9-FA08E5F07233}
	EndGlobalSection
EndGlobal
