
Microsoft Visual Studio Solution File, Format Version 12.00
# Visual Studio Version 17
VisualStudioVersion = 17.1.32210.238
MinimumVisualStudioVersion = 10.0.40219.1
Project("{9A19103F-16F7-4668-BE54-9A1E7A4F7556}") = "HelloLeetcode", "HelloLeetcode\HelloLeetcode.csproj", "{998B556C-868E-4250-92A3-5E36BF9E0CAA}"
EndProject
Project("{2150E333-8FDC-42A3-9474-1A3956D46DE8}") = "Easy", "Easy", "{E4939C87-7ACE-499A-9A82-EA5A3E196B5C}"
EndProject
Project("{2150E333-8FDC-42A3-9474-1A3956D46DE8}") = "Medium", "Medium", "{7405841F-8499-405B-AF41-DA0AEED582B6}"
EndProject
Project("{2150E333-8FDC-42A3-9474-1A3956D46DE8}") = "Strings", "Strings", "{F6F0EF98-7C1B-4D00-8241-4B0882FDF25C}"
EndProject
Project("{FAE04EC0-301F-11D3-BF4B-00C04F79EFBC}") = "ReverseString", "Easy\Strings\ReverseString\ReverseString.csproj", "{9041D9D6-574D-44EC-9762-39920CEE5B54}"
EndProject
Global
	GlobalSection(SolutionConfigurationPlatforms) = preSolution
		Debug|Any CPU = Debug|Any CPU
		Release|Any CPU = Release|Any CPU
	EndGlobalSection
	GlobalSection(ProjectConfigurationPlatforms) = postSolution
		{998B556C-868E-4250-92A3-5E36BF9E0CAA}.Debug|Any CPU.ActiveCfg = Debug|Any CPU
		{998B556C-868E-4250-92A3-5E36BF9E0CAA}.Debug|Any CPU.Build.0 = Debug|Any CPU
		{998B556C-868E-4250-92A3-5E36BF9E0CAA}.Release|Any CPU.ActiveCfg = Release|Any CPU
		{998B556C-868E-4250-92A3-5E36BF9E0CAA}.Release|Any CPU.Build.0 = Release|Any CPU
		{9041D9D6-574D-44EC-9762-39920CEE5B54}.Debug|Any CPU.ActiveCfg = Debug|Any CPU
		{9041D9D6-574D-44EC-9762-39920CEE5B54}.Debug|Any CPU.Build.0 = Debug|Any CPU
		{9041D9D6-574D-44EC-9762-39920CEE5B54}.Release|Any CPU.ActiveCfg = Release|Any CPU
		{9041D9D6-574D-44EC-9762-39920CEE5B54}.Release|Any CPU.Build.0 = Release|Any CPU
	EndGlobalSection
	GlobalSection(SolutionProperties) = preSolution
		HideSolutionNode = FALSE
	EndGlobalSection
	GlobalSection(NestedProjects) = preSolution
		{F6F0EF98-7C1B-4D00-8241-4B0882FDF25C} = {E4939C87-7ACE-499A-9A82-EA5A3E196B5C}
		{9041D9D6-574D-44EC-9762-39920CEE5B54} = {F6F0EF98-7C1B-4D00-8241-4B0882FDF25C}
	EndGlobalSection
	GlobalSection(ExtensibilityGlobals) = postSolution
		SolutionGuid = {0C0E2A02-57B2-4258-89FF-1A1991BEAEF0}
	EndGlobalSection
EndGlobal
